version = 1
requires-python = ">=3.12"

[[package]]
name = "adaptix"
version = "3.0.0b11"
source = { registry = "https://pypi.org/simple" }
sdist = { url = "https://files.pythonhosted.org/packages/58/ea/f55d4de521cb237b1dd9c4a21c6ae3885d21b4f90130d15fd88020d6d1ca/adaptix-3.0.0b11.tar.gz", hash = "sha256:3d3d660d97d9e1a85d133b181fdac8a200ff3185422fdf686601bc9ed0017162", size = 134021 }
wheels = [
    { url = "https://files.pythonhosted.org/packages/76/70/b087e09db584c2718cfff4a354c98dfac1844e7e7d0c75dc38685823eec1/adaptix-3.0.0b11-py3-none-any.whl", hash = "sha256:5afa7197d1a084fc93da852bf58194de4a1c506caa3f5889c9953a27ce515bda", size = 179291 },
]

[[package]]
name = "app"
version = "0.1.0"
source = { editable = "." }
dependencies = [
    { name = "adaptix" },
    { name = "dishka" },
    { name = "python-dotenv" },
]

[package.metadata]
requires-dist = [
    { name = "adaptix", specifier = "==3.0.0b11" },
    { name = "dishka", specifier = ">=1.7.2" },
    { name = "python-dotenv", specifier = ">=1.2.1" },
]

[[package]]
name = "dishka"
version = "1.7.2"
source = { registry = "https://pypi.org/simple" }
sdist = { url = "https://files.pythonhosted.org/packages/40/d7/1be31f5ef32387059190353f9fa493ff4d07a1c75fa856c7566ca45e0800/dishka-1.7.2.tar.gz", hash = "sha256:47d4cb5162b28c61bf5541860e605ed5eaf5c667122299c7ef657c86fc8d5a49", size = 68132 }
wheels = [
    { url = "https://files.pythonhosted.org/packages/b7/b9/89381173b4f336e986d72471198614806cd313e0f85c143ccb677c310223/dishka-1.7.2-py3-none-any.whl", hash = "sha256:f6faa6ab321903926b825b3337d77172ee693450279b314434864978d01fbad3", size = 94774 },
]

[[package]]
name = "python-dotenv"
version = "1.2.1"
source = { registry = "https://pypi.org/simple" }
sdist = { url = "https://files.pythonhosted.org/packages/f0/26/19cadc79a718c5edbec86fd4919a6b6d3f681039a2f6d66d14be94e75fb9/python_dotenv-1.2.1.tar.gz", hash = "sha256:42667e897e16ab0d66954af0e60a9caa94f0fd4ecf3aaf6d2d260eec1aa36ad6", size = 44221 }
wheels = [
    { url = "https://files.pythonhosted.org/packages/14/1b/a298b06749107c305e1fe0f814c6c74aea7b2f1e10989cb30f544a1b3253/python_dotenv-1.2.1-py3-none-any.whl", hash = "sha256:b81ee9561e9ca4004139c6cbba3a238c32b03e4894671e181b671e8cb8425d61", size = 21230 },
]
